// !$*UTF8*$!
{
	archiveVersion = 1;
	classes = {
	};
	objectVersion = 46;
	objects = {

/* Begin PBXBuildFile section */
		5A053FBA1E66C7B00099E5DC /* AcronymFullTableViewCell.swift in Sources */ = {isa = PBXBuildFile; fileRef = 5A053FB11E66C7B00099E5DC /* AcronymFullTableViewCell.swift */; };
		5A053FBB1E66C7B00099E5DC /* Loader.swift in Sources */ = {isa = PBXBuildFile; fileRef = 5A053FB31E66C7B00099E5DC /* Loader.swift */; };
		5A053FBC1E66C7B00099E5DC /* NibLoadable.swift in Sources */ = {isa = PBXBuildFile; fileRef = 5A053FB41E66C7B00099E5DC /* NibLoadable.swift */; };
		5A053FBD1E66C7B00099E5DC /* Reusable.swift in Sources */ = {isa = PBXBuildFile; fileRef = 5A053FB51E66C7B00099E5DC /* Reusable.swift */; };
		5A053FBE1E66C7B00099E5DC /* RootApi.swift in Sources */ = {isa = PBXBuildFile; fileRef = 5A053FB61E66C7B00099E5DC /* RootApi.swift */; };
		5A053FBF1E66C7B00099E5DC /* Reachability.swift in Sources */ = {isa = PBXBuildFile; fileRef = 5A053FB91E66C7B00099E5DC /* Reachability.swift */; };
		5A053FC21E66C8780099E5DC /* Constants.swift in Sources */ = {isa = PBXBuildFile; fileRef = 5A053FC11E66C8780099E5DC /* Constants.swift */; };
		5A053FC41E66C9DB0099E5DC /* GenericMethods.swift in Sources */ = {isa = PBXBuildFile; fileRef = 5A053FC31E66C9DB0099E5DC /* GenericMethods.swift */; };
		B14FEC4D1E65FEC10083ABCF /* AppDelegate.swift in Sources */ = {isa = PBXBuildFile; fileRef = B14FEC4C1E65FEC10083ABCF /* AppDelegate.swift */; };
		B14FEC4F1E65FEC10083ABCF /* ViewController.swift in Sources */ = {isa = PBXBuildFile; fileRef = B14FEC4E1E65FEC10083ABCF /* ViewController.swift */; };
		B14FEC521E65FEC10083ABCF /* Main.storyboard in Resources */ = {isa = PBXBuildFile; fileRef = B14FEC501E65FEC10083ABCF /* Main.storyboard */; };
		B14FEC541E65FEC10083ABCF /* Assets.xcassets in Resources */ = {isa = PBXBuildFile; fileRef = B14FEC531E65FEC10083ABCF /* Assets.xcassets */; };
		B14FEC571E65FEC10083ABCF /* LaunchScreen.storyboard in Resources */ = {isa = PBXBuildFile; fileRef = B14FEC551E65FEC10083ABCF /* LaunchScreen.storyboard */; };
		C875710856B4B4FB5BA97900 /* Pods_Acromine.framework in Frameworks */ = {isa = PBXBuildFile; fileRef = B3DCEB517F9042D7D48B9EEF /* Pods_Acromine.framework */; };
		F4E407191E66A1C70004E893 /* Podfile in Resources */ = {isa = PBXBuildFile; fileRef = F4E407181E66A1C70004E893 /* Podfile */; };
		F4E4071B1E66A2BF0004E893 /* CoreGraphics.framework in Frameworks */ = {isa = PBXBuildFile; fileRef = F4E4071A1E66A2BF0004E893 /* CoreGraphics.framework */; };
		F4E4071D1E66A2D50004E893 /* Foundation.framework in Frameworks */ = {isa = PBXBuildFile; fileRef = F4E4071C1E66A2D50004E893 /* Foundation.framework */; };
		F4E4071F1E66A2DE0004E893 /* QuartzCore.framework in Frameworks */ = {isa = PBXBuildFile; fileRef = F4E4071E1E66A2DE0004E893 /* QuartzCore.framework */; };
/* End PBXBuildFile section */

/* Begin PBXFileReference section */
		5A053FB11E66C7B00099E5DC /* AcronymFullTableViewCell.swift */ = {isa = PBXFileReference; fileEncoding = 4; lastKnownFileType = sourcecode.swift; path = AcronymFullTableViewCell.swift; sourceTree = "<group>"; };
		5A053FB31E66C7B00099E5DC /* Loader.swift */ = {isa = PBXFileReference; fileEncoding = 4; lastKnownFileType = sourcecode.swift; path = Loader.swift; sourceTree = "<group>"; };
		5A053FB41E66C7B00099E5DC /* NibLoadable.swift */ = {isa = PBXFileReference; fileEncoding = 4; lastKnownFileType = sourcecode.swift; path = NibLoadable.swift; sourceTree = "<group>"; };
		5A053FB51E66C7B00099E5DC /* Reusable.swift */ = {isa = PBXFileReference; fileEncoding = 4; lastKnownFileType = sourcecode.swift; path = Reusable.swift; sourceTree = "<group>"; };
		5A053FB61E66C7B00099E5DC /* RootApi.swift */ = {isa = PBXFileReference; fileEncoding = 4; lastKnownFileType = sourcecode.swift; path = RootApi.swift; sourceTree = "<group>"; };
		5A053FB91E66C7B00099E5DC /* Reachability.swift */ = {isa = PBXFileReference; fileEncoding = 4; lastKnownFileType = sourcecode.swift; path = Reachability.swift; sourceTree = "<group>"; };
		5A053FC11E66C8780099E5DC /* Constants.swift */ = {isa = PBXFileReference; fileEncoding = 4; lastKnownFileType = sourcecode.swift; name = Constants.swift; path = Constants/Constants.swift; sourceTree = "<group>"; };
		5A053FC31E66C9DB0099E5DC /* GenericMethods.swift */ = {isa = PBXFileReference; fileEncoding = 4; lastKnownFileType = sourcecode.swift; path = GenericMethods.swift; sourceTree = "<group>"; };
		61227F7541555B39D88E9D6D /* Pods-Acromine.debug.xcconfig */ = {isa = PBXFileReference; includeInIndex = 1; lastKnownFileType = text.xcconfig; name = "Pods-Acromine.debug.xcconfig"; path = "Pods/Target Support Files/Pods-Acromine/Pods-Acromine.debug.xcconfig"; sourceTree = "<group>"; };
		8A75BE7CB48F9A7E365639A2 /* Pods-Acromine.release.xcconfig */ = {isa = PBXFileReference; includeInIndex = 1; lastKnownFileType = text.xcconfig; name = "Pods-Acromine.release.xcconfig"; path = "Pods/Target Support Files/Pods-Acromine/Pods-Acromine.release.xcconfig"; sourceTree = "<group>"; };
		B14FEC491E65FEC10083ABCF /* Acromine.app */ = {isa = PBXFileReference; explicitFileType = wrapper.application; includeInIndex = 0; path = Acromine.app; sourceTree = BUILT_PRODUCTS_DIR; };
		B14FEC4C1E65FEC10083ABCF /* AppDelegate.swift */ = {isa = PBXFileReference; lastKnownFileType = sourcecode.swift; path = AppDelegate.swift; sourceTree = "<group>"; };
		B14FEC4E1E65FEC10083ABCF /* ViewController.swift */ = {isa = PBXFileReference; lastKnownFileType = sourcecode.swift; path = ViewController.swift; sourceTree = "<group>"; };
		B14FEC511E65FEC10083ABCF /* Base */ = {isa = PBXFileReference; lastKnownFileType = file.storyboard; name = Base; path = Base.lproj/Main.storyboard; sourceTree = "<group>"; };
		B14FEC531E65FEC10083ABCF /* Assets.xcassets */ = {isa = PBXFileReference; lastKnownFileType = folder.assetcatalog; path = Assets.xcassets; sourceTree = "<group>"; };
		B14FEC561E65FEC10083ABCF /* Base */ = {isa = PBXFileReference; lastKnownFileType = file.storyboard; name = Base; path = Base.lproj/LaunchScreen.storyboard; sourceTree = "<group>"; };
		B14FEC581E65FEC10083ABCF /* Info.plist */ = {isa = PBXFileReference; lastKnownFileType = text.plist.xml; path = Info.plist; sourceTree = "<group>"; };
		B3DCEB517F9042D7D48B9EEF /* Pods_Acromine.framework */ = {isa = PBXFileReference; explicitFileType = wrapper.framework; includeInIndex = 0; path = Pods_Acromine.framework; sourceTree = BUILT_PRODUCTS_DIR; };
		F4E407181E66A1C70004E893 /* Podfile */ = {isa = PBXFileReference; fileEncoding = 4; lastKnownFileType = text; path = Podfile; sourceTree = "<group>"; xcLanguageSpecificationIdentifier = xcode.lang.ruby; };
		F4E4071A1E66A2BF0004E893 /* CoreGraphics.framework */ = {isa = PBXFileReference; lastKnownFileType = wrapper.framework; name = CoreGraphics.framework; path = System/Library/Frameworks/CoreGraphics.framework; sourceTree = SDKROOT; };
		F4E4071C1E66A2D50004E893 /* Foundation.framework */ = {isa = PBXFileReference; lastKnownFileType = wrapper.framework; name = Foundation.framework; path = System/Library/Frameworks/Foundation.framework; sourceTree = SDKROOT; };
		F4E4071E1E66A2DE0004E893 /* QuartzCore.framework */ = {isa = PBXFileReference; lastKnownFileType = wrapper.framework; name = QuartzCore.framework; path = System/Library/Frameworks/QuartzCore.framework; sourceTree = SDKROOT; };
/* End PBXFileReference section */

/* Begin PBXFrameworksBuildPhase section */
		B14FEC461E65FEC10083ABCF /* Frameworks */ = {
			isa = PBXFrameworksBuildPhase;
			buildActionMask = 2147483647;
			files = (
				F4E4071F1E66A2DE0004E893 /* QuartzCore.framework in Frameworks */,
				F4E4071D1E66A2D50004E893 /* Foundation.framework in Frameworks */,
				F4E4071B1E66A2BF0004E893 /* CoreGraphics.framework in Frameworks */,
				C875710856B4B4FB5BA97900 /* Pods_Acromine.framework in Frameworks */,
			);
			runOnlyForDeploymentPostprocessing = 0;
		};
/* End PBXFrameworksBuildPhase section */

/* Begin PBXGroup section */
		5A053FB01E66C7B00099E5DC /* CustomTableViewCells */ = {
			isa = PBXGroup;
			children = (
				5A053FB11E66C7B00099E5DC /* AcronymFullTableViewCell.swift */,
			);
			path = CustomTableViewCells;
			sourceTree = "<group>";
		};
		5A053FB21E66C7B00099E5DC /* GenericClasses */ = {
			isa = PBXGroup;
			children = (
				5A053FB31E66C7B00099E5DC /* Loader.swift */,
				5A053FB41E66C7B00099E5DC /* NibLoadable.swift */,
				5A053FB51E66C7B00099E5DC /* Reusable.swift */,
				5A053FB61E66C7B00099E5DC /* RootApi.swift */,
				5A053FC31E66C9DB0099E5DC /* GenericMethods.swift */,
			);
			path = GenericClasses;
			sourceTree = "<group>";
		};
		5A053FB81E66C7B00099E5DC /* ReachabilityClass */ = {
			isa = PBXGroup;
			children = (
				5A053FB91E66C7B00099E5DC /* Reachability.swift */,
			);
			path = ReachabilityClass;
			sourceTree = "<group>";
		};
		A35EB7777DC8AFA52AB855A3 /* Pods */ = {
			isa = PBXGroup;
			children = (
				61227F7541555B39D88E9D6D /* Pods-Acromine.debug.xcconfig */,
				8A75BE7CB48F9A7E365639A2 /* Pods-Acromine.release.xcconfig */,
			);
			name = Pods;
			sourceTree = "<group>";
		};
		B14FEC401E65FEC10083ABCF = {
			isa = PBXGroup;
			children = (
				F4E407181E66A1C70004E893 /* Podfile */,
				B14FEC4B1E65FEC10083ABCF /* Acromine */,
				B14FEC4A1E65FEC10083ABCF /* Products */,
				A35EB7777DC8AFA52AB855A3 /* Pods */,
				E629DAE1E248664166CF4677 /* Frameworks */,
			);
			sourceTree = "<group>";
		};
		B14FEC4A1E65FEC10083ABCF /* Products */ = {
			isa = PBXGroup;
			children = (
				B14FEC491E65FEC10083ABCF /* Acromine.app */,
			);
			name = Products;
			sourceTree = "<group>";
		};
		B14FEC4B1E65FEC10083ABCF /* Acromine */ = {
			isa = PBXGroup;
			children = (
				5A053FC11E66C8780099E5DC /* Constants.swift */,
				5A053FB21E66C7B00099E5DC /* GenericClasses */,
				5A053FB01E66C7B00099E5DC /* CustomTableViewCells */,
				5A053FB81E66C7B00099E5DC /* ReachabilityClass */,
				B14FEC4C1E65FEC10083ABCF /* AppDelegate.swift */,
				B14FEC4E1E65FEC10083ABCF /* ViewController.swift */,
				B14FEC501E65FEC10083ABCF /* Main.storyboard */,
				B14FEC531E65FEC10083ABCF /* Assets.xcassets */,
				B14FEC551E65FEC10083ABCF /* LaunchScreen.storyboard */,
				B14FEC581E65FEC10083ABCF /* Info.plist */,
			);
			path = Acromine;
			sourceTree = "<group>";
		};
		E629DAE1E248664166CF4677 /* Frameworks */ = {
			isa = PBXGroup;
			children = (
				F4E4071E1E66A2DE0004E893 /* QuartzCore.framework */,
				F4E4071C1E66A2D50004E893 /* Foundation.framework */,
				F4E4071A1E66A2BF0004E893 /* CoreGraphics.framework */,
				B3DCEB517F9042D7D48B9EEF /* Pods_Acromine.framework */,
			);
			name = Frameworks;
			sourceTree = "<group>";
		};
/* End PBXGroup section */

/* Begin PBXNativeTarget section */
		B14FEC481E65FEC10083ABCF /* Acromine */ = {
			isa = PBXNativeTarget;
			buildConfigurationList = B14FEC5B1E65FEC10083ABCF /* Build configuration list for PBXNativeTarget "Acromine" */;
			buildPhases = (
				8DD76EE78BDD95FD83598EE5 /* [CP] Check Pods Manifest.lock */,
				B14FEC451E65FEC10083ABCF /* Sources */,
				B14FEC461E65FEC10083ABCF /* Frameworks */,
				B14FEC471E65FEC10083ABCF /* Resources */,
				1406A923FBAE3B1C6256825B /* [CP] Embed Pods Frameworks */,
				BFCA8E4C7545388E133800E7 /* [CP] Copy Pods Resources */,
			);
			buildRules = (
			);
			dependencies = (
			);
			name = Acromine;
			productName = Acromine;
			productReference = B14FEC491E65FEC10083ABCF /* Acromine.app */;
			productType = "com.apple.product-type.application";
		};
/* End PBXNativeTarget section */

/* Begin PBXProject section */
		B14FEC411E65FEC10083ABCF /* Project object */ = {
			isa = PBXProject;
			attributes = {
				LastSwiftUpdateCheck = 0820;
				LastUpgradeCheck = 0820;
				ORGANIZATIONNAME = "Sai Bhavana";
				TargetAttributes = {
					B14FEC481E65FEC10083ABCF = {
						CreatedOnToolsVersion = 8.2.1;
						DevelopmentTeam = MC7BSHUBVW;
						LastSwiftMigration = 0820;
						ProvisioningStyle = Manual;
					};
				};
			};
			buildConfigurationList = B14FEC441E65FEC10083ABCF /* Build configuration list for PBXProject "Acromine" */;
			compatibilityVersion = "Xcode 3.2";
			developmentRegion = English;
			hasScannedForEncodings = 0;
			knownRegions = (
				en,
				Base,
			);
			mainGroup = B14FEC401E65FEC10083ABCF;
			productRefGroup = B14FEC4A1E65FEC10083ABCF /* Products */;
			projectDirPath = "";
			projectRoot = "";
			targets = (
				B14FEC481E65FEC10083ABCF /* Acromine */,
			);
		};
/* End PBXProject section */

/* Begin PBXResourcesBuildPhase section */
		B14FEC471E65FEC10083ABCF /* Resources */ = {
			isa = PBXResourcesBuildPhase;
			buildActionMask = 2147483647;
			files = (
				B14FEC571E65FEC10083ABCF /* LaunchScreen.storyboard in Resources */,
				B14FEC541E65FEC10083ABCF /* Assets.xcassets in Resources */,
				F4E407191E66A1C70004E893 /* Podfile in Resources */,
				B14FEC521E65FEC10083ABCF /* Main.storyboard in Resources */,
			);
			runOnlyForDeploymentPostprocessing = 0;
		};
/* End PBXResourcesBuildPhase section */

/* Begin PBXShellScriptBuildPhase section */
		1406A923FBAE3B1C6256825B /* [CP] Embed Pods Frameworks */ = {
			isa = PBXShellScriptBuildPhase;
			buildActionMask = 2147483647;
			files = (
			);
			inputPaths = (
			);
			name = "[CP] Embed Pods Frameworks";
			outputPaths = (
			);
			runOnlyForDeploymentPostprocessing = 0;
			shellPath = /bin/sh;
			shellScript = "\"${SRCROOT}/Pods/Target Support Files/Pods-Acromine/Pods-Acromine-frameworks.sh\"\n";
			showEnvVarsInLog = 0;
		};
		8DD76EE78BDD95FD83598EE5 /* [CP] Check Pods Manifest.lock */ = {
			isa = PBXShellScriptBuildPhase;
			buildActionMask = 2147483647;
			files = (
			);
			inputPaths = (
			);
			name = "[CP] Check Pods Manifest.lock";
			outputPaths = (
			);
			runOnlyForDeploymentPostprocessing = 0;
			shellPath = /bin/sh;
			shellScript = "diff \"${PODS_ROOT}/../Podfile.lock\" \"${PODS_ROOT}/Manifest.lock\" > /dev/null\nif [ $? != 0 ] ; then\n    # print error to STDERR\n    echo \"error: The sandbox is not in sync with the Podfile.lock. Run 'pod install' or update your CocoaPods installation.\" >&2\n    exit 1\nfi\n";
			showEnvVarsInLog = 0;
		};
		BFCA8E4C7545388E133800E7 /* [CP] Copy Pods Resources */ = {
			isa = PBXShellScriptBuildPhase;
			buildActionMask = 2147483647;
			files = (
			);
			inputPaths = (
			);
			name = "[CP] Copy Pods Resources";
			outputPaths = (
			);
			runOnlyForDeploymentPostprocessing = 0;
			shellPath = /bin/sh;
			shellScript = "\"${SRCROOT}/Pods/Target Support Files/Pods-Acromine/Pods-Acromine-resources.sh\"\n";
			showEnvVarsInLog = 0;
		};
/* End PBXShellScriptBuildPhase section */

/* Begin PBXSourcesBuildPhase section */
		B14FEC451E65FEC10083ABCF /* Sources */ = {
			isa = PBXSourcesBuildPhase;
			buildActionMask = 2147483647;
			files = (
				5A053FBD1E66C7B00099E5DC /* Reusable.swift in Sources */,
				5A053FBE1E66C7B00099E5DC /* RootApi.swift in Sources */,
				B14FEC4F1E65FEC10083ABCF /* ViewController.swift in Sources */,
				5A053FBA1E66C7B00099E5DC /* AcronymFullTableViewCell.swift in Sources */,
				5A053FC41E66C9DB0099E5DC /* GenericMethods.swift in Sources */,
				5A053FBB1E66C7B00099E5DC /* Loader.swift in Sources */,
				5A053FBC1E66C7B00099E5DC /* NibLoadable.swift in Sources */,
				5A053FBF1E66C7B00099E5DC /* Reachability.swift in Sources */,
				B14FEC4D1E65FEC10083ABCF /* AppDelegate.swift in Sources */,
				5A053FC21E66C8780099E5DC /* Constants.swift in Sources */,
			);
			runOnlyForDeploymentPostprocessing = 0;
		};
/* End PBXSourcesBuildPhase section */

/* Begin PBXVariantGroup section */
		B14FEC501E65FEC10083ABCF /* Main.storyboard */ = {
			isa = PBXVariantGroup;
			children = (
				B14FEC511E65FEC10083ABCF /* Base */,
			);
			name = Main.storyboard;
			sourceTree = "<group>";
		};
		B14FEC551E65FEC10083ABCF /* LaunchScreen.storyboard */ = {
			isa = PBXVariantGroup;
			children = (
				B14FEC561E65FEC10083ABCF /* Base */,
			);
			name = LaunchScreen.storyboard;
			sourceTree = "<group>";
		};
/* End PBXVariantGroup section */

/* Begin XCBuildConfiguration section */
		B14FEC591E65FEC10083ABCF /* Debug */ = {
			isa = XCBuildConfiguration;
			buildSettings = {
				ALWAYS_SEARCH_USER_PATHS = NO;
				CLANG_ANALYZER_NONNULL = YES;
				CLANG_CXX_LANGUAGE_STANDARD = "gnu++0x";
				CLANG_CXX_LIBRARY = "libc++";
				CLANG_ENABLE_MODULES = YES;
				CLANG_ENABLE_OBJC_ARC = YES;
				CLANG_WARN_BOOL_CONVERSION = YES;
				CLANG_WARN_CONSTANT_CONVERSION = YES;
				CLANG_WARN_DIRECT_OBJC_ISA_USAGE = YES_ERROR;
				CLANG_WARN_DOCUMENTATION_COMMENTS = YES;
				CLANG_WARN_EMPTY_BODY = YES;
				CLANG_WARN_ENUM_CONVERSION = YES;
				CLANG_WARN_INFINITE_RECURSION = YES;
				CLANG_WARN_INT_CONVERSION = YES;
				CLANG_WARN_OBJC_ROOT_CLASS = YES_ERROR;
				CLANG_WARN_SUSPICIOUS_MOVE = YES;
				CLANG_WARN_UNREACHABLE_CODE = YES;
				CLANG_WARN__DUPLICATE_METHOD_MATCH = YES;
				CODE_SIGN_IDENTITY = "iPhone Developer: Emran  Hamdan (39AGGYUD9J)";
				"CODE_SIGN_IDENTITY[sdk=iphoneos*]" = "iPhone Developer: Emran  Hamdan (39AGGYUD9J)";
				COPY_PHASE_STRIP = NO;
				DEBUG_INFORMATION_FORMAT = dwarf;
				ENABLE_STRICT_OBJC_MSGSEND = YES;
				ENABLE_TESTABILITY = YES;
				GCC_C_LANGUAGE_STANDARD = gnu99;
				GCC_DYNAMIC_NO_PIC = NO;
				GCC_NO_COMMON_BLOCKS = YES;
				GCC_OPTIMIZATION_LEVEL = 0;
				GCC_PREPROCESSOR_DEFINITIONS = (
					"DEBUG=1",
					"$(inherited)",
				);
				GCC_WARN_64_TO_32_BIT_CONVERSION = YES;
				GCC_WARN_ABOUT_RETURN_TYPE = YES_ERROR;
				GCC_WARN_UNDECLARED_SELECTOR = YES;
				GCC_WARN_UNINITIALIZED_AUTOS = YES_AGGRESSIVE;
				GCC_WARN_UNUSED_FUNCTION = YES;
				GCC_WARN_UNUSED_VARIABLE = YES;
				IPHONEOS_DEPLOYMENT_TARGET = 10.2;
				MTL_ENABLE_DEBUG_INFO = YES;
				ONLY_ACTIVE_ARCH = YES;
				PROVISIONING_PROFILE = "7f8af239-b7e2-4a94-9ccd-18f8d88d8962";
				SDKROOT = iphoneos;
				SWIFT_ACTIVE_COMPILATION_CONDITIONS = DEBUG;
				SWIFT_OPTIMIZATION_LEVEL = "-Onone";
				TARGETED_DEVICE_FAMILY = "1,2";
			};
			name = Debug;
		};
		B14FEC5A1E65FEC10083ABCF /* Release */ = {
			isa = XCBuildConfiguration;
			buildSettings = {
				ALWAYS_SEARCH_USER_PATHS = NO;
				CLANG_ANALYZER_NONNULL = YES;
				CLANG_CXX_LANGUAGE_STANDARD = "gnu++0x";
				CLANG_CXX_LIBRARY = "libc++";
				CLANG_ENABLE_MODULES = YES;
				CLANG_ENABLE_OBJC_ARC = YES;
				CLANG_WARN_BOOL_CONVERSION = YES;
				CLANG_WARN_CONSTANT_CONVERSION = YES;
				CLANG_WARN_DIRECT_OBJC_ISA_USAGE = YES_ERROR;
				CLANG_WARN_DOCUMENTATION_COMMENTS = YES;
				CLANG_WARN_EMPTY_BODY = YES;
				CLANG_WARN_ENUM_CONVERSION = YES;
				CLANG_WARN_INFINITE_RECURSION = YES;
				CLANG_WARN_INT_CONVERSION = YES;
				CLANG_WARN_OBJC_ROOT_CLASS = YES_ERROR;
				CLANG_WARN_SUSPICIOUS_MOVE = YES;
				CLANG_WARN_UNREACHABLE_CODE = YES;
				CLANG_WARN__DUPLICATE_METHOD_MATCH = YES;
				CODE_SIGN_IDENTITY = "iPhone Developer: Emran  Hamdan (39AGGYUD9J)";
				"CODE_SIGN_IDENTITY[sdk=iphoneos*]" = "iPhone Developer: Emran  Hamdan (39AGGYUD9J)";
				COPY_PHASE_STRIP = NO;
				DEBUG_INFORMATION_FORMAT = "dwarf-with-dsym";
				ENABLE_NS_ASSERTIONS = NO;
				ENABLE_STRICT_OBJC_MSGSEND = YES;
				GCC_C_LANGUAGE_STANDARD = gnu99;
				GCC_NO_COMMON_BLOCKS = YES;
				GCC_WARN_64_TO_32_BIT_CONVERSION = YES;
				GCC_WARN_ABOUT_RETURN_TYPE = YES_ERROR;
				GCC_WARN_UNDECLARED_SELECTOR = YES;
				GCC_WARN_UNINITIALIZED_AUTOS = YES_AGGRESSIVE;
				GCC_WARN_UNUSED_FUNCTION = YES;
				GCC_WARN_UNUSED_VARIABLE = YES;
				IPHONEOS_DEPLOYMENT_TARGET = 10.2;
				MTL_ENABLE_DEBUG_INFO = NO;
				PROVISIONING_PROFILE = "7f8af239-b7e2-4a94-9ccd-18f8d88d8962";
				SDKROOT = iphoneos;
				SWIFT_OPTIMIZATION_LEVEL = "-Owholemodule";
				TARGETED_DEVICE_FAMILY = "1,2";
				VALIDATE_PRODUCT = YES;
			};
			name = Release;
		};
		B14FEC5C1E65FEC10083ABCF /* Debug */ = {
			isa = XCBuildConfiguration;
			baseConfigurationReference = 61227F7541555B39D88E9D6D /* Pods-Acromine.debug.xcconfig */;
			buildSettings = {
				ASSETCATALOG_COMPILER_APPICON_NAME = AppIcon;
				CODE_SIGN_IDENTITY = "iPhone Developer: Emran  Hamdan (39AGGYUD9J)";
				DEVELOPMENT_TEAM = MC7BSHUBVW;
				INFOPLIST_FILE = Acromine/Info.plist;
				LD_RUNPATH_SEARCH_PATHS = "$(inherited) @executable_path/Frameworks";
				PRODUCT_BUNDLE_IDENTIFIER = com.acromine;
				PRODUCT_NAME = "$(TARGET_NAME)";
				PROVISIONING_PROFILE = "7f8af239-b7e2-4a94-9ccd-18f8d88d8962";
				PROVISIONING_PROFILE_SPECIFIER = Axiom_Developement;
				SWIFT_VERSION = 3.0;
			};
			name = Debug;
		};
		B14FEC5D1E65FEC10083ABCF /* Release */ = {
			isa = XCBuildConfiguration;
			baseConfigurationReference = 8A75BE7CB48F9A7E365639A2 /* Pods-Acromine.release.xcconfig */;
			buildSettings = {
				ASSETCATALOG_COMPILER_APPICON_NAME = AppIcon;
				CODE_SIGN_IDENTITY = "iPhone Developer: Emran  Hamdan (39AGGYUD9J)";
				DEVELOPMENT_TEAM = "";
				INFOPLIST_FILE = Acromine/Info.plist;
				LD_RUNPATH_SEARCH_PATHS = "$(inherited) @executable_path/Frameworks";
				PRODUCT_BUNDLE_IDENTIFIER = com.acromine;
				PRODUCT_NAME = "$(TARGET_NAME)";
				PROVISIONING_PROFILE = "";
				PROVISIONING_PROFILE_SPECIFIER = "";
				SWIFT_VERSION = 3.0;
			};
			name = Release;
		};
/* End XCBuildConfiguration section */

/* Begin XCConfigurationList section */
		B14FEC441E65FEC10083ABCF /* Build configuration list for PBXProject "Acromine" */ = {
			isa = XCConfigurationList;
			buildConfigurations = (
				B14FEC591E65FEC10083ABCF /* Debug */,
				B14FEC5A1E65FEC10083ABCF /* Release */,
			);
			defaultConfigurationIsVisible = 0;
			defaultConfigurationName = Release;
		};
		B14FEC5B1E65FEC10083ABCF /* Build configuration list for PBXNativeTarget "Acromine" */ = {
			isa = XCConfigurationList;
			buildConfigurations = (
				B14FEC5C1E65FEC10083ABCF /* Debug */,
				B14FEC5D1E65FEC10083ABCF /* Release */,
			);
			defaultConfigurationIsVisible = 0;
			defaultConfigurationName = Release;
		};
/* End XCConfigurationList section */
	};
	rootObject = B14FEC411E65FEC10083ABCF /* Project object */;
}
